// !$*UTF8*$!
{
	archiveVersion = 1;
	classes = {
	};
	objectVersion = 55;
	objects = {

/* Begin PBXBuildFile section */
		955AFBBEFEFD5958BDBC8AB9 /* Pods_iOSSwiftMarvelTests.framework in Frameworks */ = {isa = PBXBuildFile; fileRef = DF727245405C4DB0AA79BC24 /* Pods_iOSSwiftMarvelTests.framework */; };
		A1173981288AB5FF00D121B6 /* Localizable.strings in Resources */ = {isa = PBXBuildFile; fileRef = A117397D288AB5FF00D121B6 /* Localizable.strings */; };
		A1173983288AB65D00D121B6 /* String+Extension.swift in Sources */ = {isa = PBXBuildFile; fileRef = A1173982288AB65D00D121B6 /* String+Extension.swift */; };
		A1173985288AE3E100D121B6 /* Dictionary+Extension.swift in Sources */ = {isa = PBXBuildFile; fileRef = A1173984288AE3E100D121B6 /* Dictionary+Extension.swift */; };
		A1173988288B029700D121B6 /* CodingKeyPath.swift in Sources */ = {isa = PBXBuildFile; fileRef = A1173987288B029700D121B6 /* CodingKeyPath.swift */; };
		A117398A288B02AB00D121B6 /* CodingKeyPath+PrivateImpl.swift in Sources */ = {isa = PBXBuildFile; fileRef = A1173989288B02AB00D121B6 /* CodingKeyPath+PrivateImpl.swift */; };
		A117398C288B0BBC00D121B6 /* CharacterListViewCell.xib in Resources */ = {isa = PBXBuildFile; fileRef = A117398B288B0BBC00D121B6 /* CharacterListViewCell.xib */; };
		A117398E288BFEFA00D121B6 /* CharacterListViewCell.swift in Sources */ = {isa = PBXBuildFile; fileRef = A117398D288BFEFA00D121B6 /* CharacterListViewCell.swift */; };
		A1173990288C033000D121B6 /* UILabel+Extension.swift in Sources */ = {isa = PBXBuildFile; fileRef = A117398F288C033000D121B6 /* UILabel+Extension.swift */; };
		A1173992288C08A800D121B6 /* UITableView+Extension.swift in Sources */ = {isa = PBXBuildFile; fileRef = A1173991288C08A800D121B6 /* UITableView+Extension.swift */; };
		A1173994288C0CCA00D121B6 /* IdentifierProtocol.swift in Sources */ = {isa = PBXBuildFile; fileRef = A1173993288C0CCA00D121B6 /* IdentifierProtocol.swift */; };
		A1173998288C4B5F00D121B6 /* CharactersDetailViewController.swift in Sources */ = {isa = PBXBuildFile; fileRef = A1173997288C4B5F00D121B6 /* CharactersDetailViewController.swift */; };
		A17ECF9228896A7300C2E303 /* AppDelegate.swift in Sources */ = {isa = PBXBuildFile; fileRef = A17ECF9128896A7300C2E303 /* AppDelegate.swift */; };
		A17ECF9428896A7300C2E303 /* SceneDelegate.swift in Sources */ = {isa = PBXBuildFile; fileRef = A17ECF9328896A7300C2E303 /* SceneDelegate.swift */; };
		A17ECF9928896A7300C2E303 /* Main.storyboard in Resources */ = {isa = PBXBuildFile; fileRef = A17ECF9728896A7300C2E303 /* Main.storyboard */; };
		A17ECF9B28896A7500C2E303 /* Assets.xcassets in Resources */ = {isa = PBXBuildFile; fileRef = A17ECF9A28896A7500C2E303 /* Assets.xcassets */; };
		A17ECF9E28896A7500C2E303 /* LaunchScreen.storyboard in Resources */ = {isa = PBXBuildFile; fileRef = A17ECF9C28896A7500C2E303 /* LaunchScreen.storyboard */; };
		A17ECFA928896A7500C2E303 /* iOSSwiftMarvelTests.swift in Sources */ = {isa = PBXBuildFile; fileRef = A17ECFA828896A7500C2E303 /* iOSSwiftMarvelTests.swift */; };
		A17ECFB328896A7500C2E303 /* iOSSwiftMarvelUITests.swift in Sources */ = {isa = PBXBuildFile; fileRef = A17ECFB228896A7500C2E303 /* iOSSwiftMarvelUITests.swift */; };
		A17ECFB528896A7500C2E303 /* iOSSwiftMarvelUITestsLaunchTests.swift in Sources */ = {isa = PBXBuildFile; fileRef = A17ECFB428896A7500C2E303 /* iOSSwiftMarvelUITestsLaunchTests.swift */; };
		A17ECFC92889A3D900C2E303 /* CharacterListViewController.swift in Sources */ = {isa = PBXBuildFile; fileRef = A17ECFC82889A3D900C2E303 /* CharacterListViewController.swift */; };
		A17ECFCC2889A41700C2E303 /* CommonViewController.swift in Sources */ = {isa = PBXBuildFile; fileRef = A17ECFCB2889A41700C2E303 /* CommonViewController.swift */; };
		A17ECFCE2889AD0B00C2E303 /* CharacterListViewModel.swift in Sources */ = {isa = PBXBuildFile; fileRef = A17ECFCD2889AD0B00C2E303 /* CharacterListViewModel.swift */; };
		A17ECFD02889ADA900C2E303 /* CharacterListDataSource.swift in Sources */ = {isa = PBXBuildFile; fileRef = A17ECFCF2889ADA900C2E303 /* CharacterListDataSource.swift */; };
		A17ECFD42889B32600C2E303 /* NetworkResponse.swift in Sources */ = {isa = PBXBuildFile; fileRef = A17ECFD32889B32600C2E303 /* NetworkResponse.swift */; };
		A17ECFD72889BAB200C2E303 /* URLRequest+Extension.swift in Sources */ = {isa = PBXBuildFile; fileRef = A17ECFD62889BAB200C2E303 /* URLRequest+Extension.swift */; };
		A17ECFD92889BF4500C2E303 /* KeychainHelper.swift in Sources */ = {isa = PBXBuildFile; fileRef = A17ECFD82889BF4500C2E303 /* KeychainHelper.swift */; };
		A17ECFDB2889C5DE00C2E303 /* CharactersListModels.swift in Sources */ = {isa = PBXBuildFile; fileRef = A17ECFDA2889C5DE00C2E303 /* CharactersListModels.swift */; };
		CCA057E7F8C60312C65878CF /* Pods_iOSSwiftMarvel.framework in Frameworks */ = {isa = PBXBuildFile; fileRef = 4E7E64AE440154C02F1C9555 /* Pods_iOSSwiftMarvel.framework */; };
		E4592A70F7A4C39B112233C7 /* Pods_iOSSwiftMarvel_iOSSwiftMarvelUITests.framework in Frameworks */ = {isa = PBXBuildFile; fileRef = 192258EE631E6D4E2D930B94 /* Pods_iOSSwiftMarvel_iOSSwiftMarvelUITests.framework */; };
/* End PBXBuildFile section */

/* Begin PBXContainerItemProxy section */
		A17ECFA528896A7500C2E303 /* PBXContainerItemProxy */ = {
			isa = PBXContainerItemProxy;
			containerPortal = A17ECF8628896A7300C2E303 /* Project object */;
			proxyType = 1;
			remoteGlobalIDString = A17ECF8D28896A7300C2E303;
			remoteInfo = iOSSwiftMarvel;
		};
		A17ECFAF28896A7500C2E303 /* PBXContainerItemProxy */ = {
			isa = PBXContainerItemProxy;
			containerPortal = A17ECF8628896A7300C2E303 /* Project object */;
			proxyType = 1;
			remoteGlobalIDString = A17ECF8D28896A7300C2E303;
			remoteInfo = iOSSwiftMarvel;
		};
/* End PBXContainerItemProxy section */

/* Begin PBXFileReference section */
		192258EE631E6D4E2D930B94 /* Pods_iOSSwiftMarvel_iOSSwiftMarvelUITests.framework */ = {isa = PBXFileReference; explicitFileType = wrapper.framework; includeInIndex = 0; path = Pods_iOSSwiftMarvel_iOSSwiftMarvelUITests.framework; sourceTree = BUILT_PRODUCTS_DIR; };
		32C672EF0817BCE53DB6A6A3 /* Pods-iOSSwiftMarvelTests.release.xcconfig */ = {isa = PBXFileReference; includeInIndex = 1; lastKnownFileType = text.xcconfig; name = "Pods-iOSSwiftMarvelTests.release.xcconfig"; path = "Target Support Files/Pods-iOSSwiftMarvelTests/Pods-iOSSwiftMarvelTests.release.xcconfig"; sourceTree = "<group>"; };
		3A6FFB831FBCC25BFC1D4215 /* Pods-iOSSwiftMarvel-iOSSwiftMarvelUITests.release.xcconfig */ = {isa = PBXFileReference; includeInIndex = 1; lastKnownFileType = text.xcconfig; name = "Pods-iOSSwiftMarvel-iOSSwiftMarvelUITests.release.xcconfig"; path = "Target Support Files/Pods-iOSSwiftMarvel-iOSSwiftMarvelUITests/Pods-iOSSwiftMarvel-iOSSwiftMarvelUITests.release.xcconfig"; sourceTree = "<group>"; };
		4E7E64AE440154C02F1C9555 /* Pods_iOSSwiftMarvel.framework */ = {isa = PBXFileReference; explicitFileType = wrapper.framework; includeInIndex = 0; path = Pods_iOSSwiftMarvel.framework; sourceTree = BUILT_PRODUCTS_DIR; };
		5C3C9C6F1B96DFEBA6671251 /* Pods-iOSSwiftMarvel.debug.xcconfig */ = {isa = PBXFileReference; includeInIndex = 1; lastKnownFileType = text.xcconfig; name = "Pods-iOSSwiftMarvel.debug.xcconfig"; path = "Target Support Files/Pods-iOSSwiftMarvel/Pods-iOSSwiftMarvel.debug.xcconfig"; sourceTree = "<group>"; };
		808370714A978818D0B6F91B /* Pods-iOSSwiftMarvel-iOSSwiftMarvelUITests.debug.xcconfig */ = {isa = PBXFileReference; includeInIndex = 1; lastKnownFileType = text.xcconfig; name = "Pods-iOSSwiftMarvel-iOSSwiftMarvelUITests.debug.xcconfig"; path = "Target Support Files/Pods-iOSSwiftMarvel-iOSSwiftMarvelUITests/Pods-iOSSwiftMarvel-iOSSwiftMarvelUITests.debug.xcconfig"; sourceTree = "<group>"; };
		A0FC2E1FF2D55616D440D067 /* Pods-iOSSwiftMarvelTests.debug.xcconfig */ = {isa = PBXFileReference; includeInIndex = 1; lastKnownFileType = text.xcconfig; name = "Pods-iOSSwiftMarvelTests.debug.xcconfig"; path = "Target Support Files/Pods-iOSSwiftMarvelTests/Pods-iOSSwiftMarvelTests.debug.xcconfig"; sourceTree = "<group>"; };
		A117397E288AB5FF00D121B6 /* en */ = {isa = PBXFileReference; lastKnownFileType = text.plist.strings; name = en; path = en.lproj/Localizable.strings; sourceTree = "<group>"; };
		A117397F288AB5FF00D121B6 /* es */ = {isa = PBXFileReference; lastKnownFileType = text.plist.strings; name = es; path = es.lproj/Localizable.strings; sourceTree = "<group>"; };
		A1173980288AB5FF00D121B6 /* Base */ = {isa = PBXFileReference; lastKnownFileType = text.plist.strings; name = Base; path = Base.lproj/Localizable.strings; sourceTree = "<group>"; };
		A1173982288AB65D00D121B6 /* String+Extension.swift */ = {isa = PBXFileReference; lastKnownFileType = sourcecode.swift; path = "String+Extension.swift"; sourceTree = "<group>"; };
		A1173984288AE3E100D121B6 /* Dictionary+Extension.swift */ = {isa = PBXFileReference; lastKnownFileType = sourcecode.swift; path = "Dictionary+Extension.swift"; sourceTree = "<group>"; };
		A1173987288B029700D121B6 /* CodingKeyPath.swift */ = {isa = PBXFileReference; lastKnownFileType = sourcecode.swift; path = CodingKeyPath.swift; sourceTree = "<group>"; };
		A1173989288B02AB00D121B6 /* CodingKeyPath+PrivateImpl.swift */ = {isa = PBXFileReference; lastKnownFileType = sourcecode.swift; path = "CodingKeyPath+PrivateImpl.swift"; sourceTree = "<group>"; };
		A117398B288B0BBC00D121B6 /* CharacterListViewCell.xib */ = {isa = PBXFileReference; lastKnownFileType = file.xib; path = CharacterListViewCell.xib; sourceTree = "<group>"; };
		A117398D288BFEFA00D121B6 /* CharacterListViewCell.swift */ = {isa = PBXFileReference; lastKnownFileType = sourcecode.swift; path = CharacterListViewCell.swift; sourceTree = "<group>"; };
		A117398F288C033000D121B6 /* UILabel+Extension.swift */ = {isa = PBXFileReference; lastKnownFileType = sourcecode.swift; path = "UILabel+Extension.swift"; sourceTree = "<group>"; };
		A1173991288C08A800D121B6 /* UITableView+Extension.swift */ = {isa = PBXFileReference; lastKnownFileType = sourcecode.swift; path = "UITableView+Extension.swift"; sourceTree = "<group>"; };
		A1173993288C0CCA00D121B6 /* IdentifierProtocol.swift */ = {isa = PBXFileReference; lastKnownFileType = sourcecode.swift; path = IdentifierProtocol.swift; sourceTree = "<group>"; };
		A1173997288C4B5F00D121B6 /* CharactersDetailViewController.swift */ = {isa = PBXFileReference; lastKnownFileType = sourcecode.swift; path = CharactersDetailViewController.swift; sourceTree = "<group>"; };
		A17ECF8E28896A7300C2E303 /* iOSSwiftMarvel.app */ = {isa = PBXFileReference; explicitFileType = wrapper.application; includeInIndex = 0; path = iOSSwiftMarvel.app; sourceTree = BUILT_PRODUCTS_DIR; };
		A17ECF9128896A7300C2E303 /* AppDelegate.swift */ = {isa = PBXFileReference; lastKnownFileType = sourcecode.swift; path = AppDelegate.swift; sourceTree = "<group>"; };
		A17ECF9328896A7300C2E303 /* SceneDelegate.swift */ = {isa = PBXFileReference; lastKnownFileType = sourcecode.swift; path = SceneDelegate.swift; sourceTree = "<group>"; };
		A17ECF9828896A7300C2E303 /* Base */ = {isa = PBXFileReference; lastKnownFileType = file.storyboard; name = Base; path = Base.lproj/Main.storyboard; sourceTree = "<group>"; };
		A17ECF9A28896A7500C2E303 /* Assets.xcassets */ = {isa = PBXFileReference; lastKnownFileType = folder.assetcatalog; path = Assets.xcassets; sourceTree = "<group>"; };
		A17ECF9D28896A7500C2E303 /* Base */ = {isa = PBXFileReference; lastKnownFileType = file.storyboard; name = Base; path = Base.lproj/LaunchScreen.storyboard; sourceTree = "<group>"; };
		A17ECF9F28896A7500C2E303 /* Info.plist */ = {isa = PBXFileReference; lastKnownFileType = text.plist.xml; path = Info.plist; sourceTree = "<group>"; };
		A17ECFA428896A7500C2E303 /* iOSSwiftMarvelTests.xctest */ = {isa = PBXFileReference; explicitFileType = wrapper.cfbundle; includeInIndex = 0; path = iOSSwiftMarvelTests.xctest; sourceTree = BUILT_PRODUCTS_DIR; };
		A17ECFA828896A7500C2E303 /* iOSSwiftMarvelTests.swift */ = {isa = PBXFileReference; lastKnownFileType = sourcecode.swift; path = iOSSwiftMarvelTests.swift; sourceTree = "<group>"; };
		A17ECFAE28896A7500C2E303 /* iOSSwiftMarvelUITests.xctest */ = {isa = PBXFileReference; explicitFileType = wrapper.cfbundle; includeInIndex = 0; path = iOSSwiftMarvelUITests.xctest; sourceTree = BUILT_PRODUCTS_DIR; };
		A17ECFB228896A7500C2E303 /* iOSSwiftMarvelUITests.swift */ = {isa = PBXFileReference; lastKnownFileType = sourcecode.swift; path = iOSSwiftMarvelUITests.swift; sourceTree = "<group>"; };
		A17ECFB428896A7500C2E303 /* iOSSwiftMarvelUITestsLaunchTests.swift */ = {isa = PBXFileReference; lastKnownFileType = sourcecode.swift; path = iOSSwiftMarvelUITestsLaunchTests.swift; sourceTree = "<group>"; };
		A17ECFC82889A3D900C2E303 /* CharacterListViewController.swift */ = {isa = PBXFileReference; lastKnownFileType = sourcecode.swift; path = CharacterListViewController.swift; sourceTree = "<group>"; };
		A17ECFCB2889A41700C2E303 /* CommonViewController.swift */ = {isa = PBXFileReference; lastKnownFileType = sourcecode.swift; path = CommonViewController.swift; sourceTree = "<group>"; };
		A17ECFCD2889AD0B00C2E303 /* CharacterListViewModel.swift */ = {isa = PBXFileReference; lastKnownFileType = sourcecode.swift; path = CharacterListViewModel.swift; sourceTree = "<group>"; };
		A17ECFCF2889ADA900C2E303 /* CharacterListDataSource.swift */ = {isa = PBXFileReference; lastKnownFileType = sourcecode.swift; path = CharacterListDataSource.swift; sourceTree = "<group>"; };
		A17ECFD32889B32600C2E303 /* NetworkResponse.swift */ = {isa = PBXFileReference; lastKnownFileType = sourcecode.swift; path = NetworkResponse.swift; sourceTree = "<group>"; };
		A17ECFD62889BAB200C2E303 /* URLRequest+Extension.swift */ = {isa = PBXFileReference; lastKnownFileType = sourcecode.swift; path = "URLRequest+Extension.swift"; sourceTree = "<group>"; };
		A17ECFD82889BF4500C2E303 /* KeychainHelper.swift */ = {isa = PBXFileReference; lastKnownFileType = sourcecode.swift; path = KeychainHelper.swift; sourceTree = "<group>"; };
		A17ECFDA2889C5DE00C2E303 /* CharactersListModels.swift */ = {isa = PBXFileReference; lastKnownFileType = sourcecode.swift; path = CharactersListModels.swift; sourceTree = "<group>"; };
		CF03213D1C5B39FD706428F0 /* Pods-iOSSwiftMarvel.release.xcconfig */ = {isa = PBXFileReference; includeInIndex = 1; lastKnownFileType = text.xcconfig; name = "Pods-iOSSwiftMarvel.release.xcconfig"; path = "Target Support Files/Pods-iOSSwiftMarvel/Pods-iOSSwiftMarvel.release.xcconfig"; sourceTree = "<group>"; };
		DF727245405C4DB0AA79BC24 /* Pods_iOSSwiftMarvelTests.framework */ = {isa = PBXFileReference; explicitFileType = wrapper.framework; includeInIndex = 0; path = Pods_iOSSwiftMarvelTests.framework; sourceTree = BUILT_PRODUCTS_DIR; };
/* End PBXFileReference section */

/* Begin PBXFrameworksBuildPhase section */
		A17ECF8B28896A7300C2E303 /* Frameworks */ = {
			isa = PBXFrameworksBuildPhase;
			buildActionMask = 2147483647;
			files = (
				CCA057E7F8C60312C65878CF /* Pods_iOSSwiftMarvel.framework in Frameworks */,
			);
			runOnlyForDeploymentPostprocessing = 0;
		};
		A17ECFA128896A7500C2E303 /* Frameworks */ = {
			isa = PBXFrameworksBuildPhase;
			buildActionMask = 2147483647;
			files = (
				955AFBBEFEFD5958BDBC8AB9 /* Pods_iOSSwiftMarvelTests.framework in Frameworks */,
			);
			runOnlyForDeploymentPostprocessing = 0;
		};
		A17ECFAB28896A7500C2E303 /* Frameworks */ = {
			isa = PBXFrameworksBuildPhase;
			buildActionMask = 2147483647;
			files = (
				E4592A70F7A4C39B112233C7 /* Pods_iOSSwiftMarvel_iOSSwiftMarvelUITests.framework in Frameworks */,
			);
			runOnlyForDeploymentPostprocessing = 0;
		};
/* End PBXFrameworksBuildPhase section */

/* Begin PBXGroup section */
		8D8396C374AA8E53B97612CB /* Pods */ = {
			isa = PBXGroup;
			children = (
				5C3C9C6F1B96DFEBA6671251 /* Pods-iOSSwiftMarvel.debug.xcconfig */,
				CF03213D1C5B39FD706428F0 /* Pods-iOSSwiftMarvel.release.xcconfig */,
				808370714A978818D0B6F91B /* Pods-iOSSwiftMarvel-iOSSwiftMarvelUITests.debug.xcconfig */,
				3A6FFB831FBCC25BFC1D4215 /* Pods-iOSSwiftMarvel-iOSSwiftMarvelUITests.release.xcconfig */,
				A0FC2E1FF2D55616D440D067 /* Pods-iOSSwiftMarvelTests.debug.xcconfig */,
				32C672EF0817BCE53DB6A6A3 /* Pods-iOSSwiftMarvelTests.release.xcconfig */,
			);
			path = Pods;
			sourceTree = "<group>";
		};
		A117397C288AB5FF00D121B6 /* Localization */ = {
			isa = PBXGroup;
			children = (
				A117397D288AB5FF00D121B6 /* Localizable.strings */,
			);
			path = Localization;
			sourceTree = SOURCE_ROOT;
		};
		A1173986288B028D00D121B6 /* CodingKeyPath */ = {
			isa = PBXGroup;
			children = (
				A1173987288B029700D121B6 /* CodingKeyPath.swift */,
				A1173989288B02AB00D121B6 /* CodingKeyPath+PrivateImpl.swift */,
			);
			path = CodingKeyPath;
			sourceTree = "<group>";
		};
		A1173995288C4B3A00D121B6 /* DetailView */ = {
			isa = PBXGroup;
			children = (
				A1173996288C4B4200D121B6 /* View */,
			);
			path = DetailView;
			sourceTree = "<group>";
		};
		A1173996288C4B4200D121B6 /* View */ = {
			isa = PBXGroup;
			children = (
				A1173997288C4B5F00D121B6 /* CharactersDetailViewController.swift */,
			);
			path = View;
			sourceTree = "<group>";
		};
		A17ECF8528896A7300C2E303 = {
			isa = PBXGroup;
			children = (
				A17ECF9028896A7300C2E303 /* iOSSwiftMarvel */,
				A17ECFA728896A7500C2E303 /* iOSSwiftMarvelTests */,
				A17ECFB128896A7500C2E303 /* iOSSwiftMarvelUITests */,
				A17ECF8F28896A7300C2E303 /* Products */,
				8D8396C374AA8E53B97612CB /* Pods */,
				AE848483F54280BE435AA219 /* Frameworks */,
			);
			sourceTree = "<group>";
		};
		A17ECF8F28896A7300C2E303 /* Products */ = {
			isa = PBXGroup;
			children = (
				A17ECF8E28896A7300C2E303 /* iOSSwiftMarvel.app */,
				A17ECFA428896A7500C2E303 /* iOSSwiftMarvelTests.xctest */,
				A17ECFAE28896A7500C2E303 /* iOSSwiftMarvelUITests.xctest */,
			);
			name = Products;
			sourceTree = "<group>";
		};
		A17ECF9028896A7300C2E303 /* iOSSwiftMarvel */ = {
			isa = PBXGroup;
			children = (
				A117397C288AB5FF00D121B6 /* Localization */,
				A17ECFD52889BA8900C2E303 /* Extension */,
				A17ECFCA2889A3FB00C2E303 /* Common */,
				A17ECFC22889A35000C2E303 /* Module */,
				A17ECF9128896A7300C2E303 /* AppDelegate.swift */,
				A17ECF9328896A7300C2E303 /* SceneDelegate.swift */,
				A17ECF9728896A7300C2E303 /* Main.storyboard */,
				A17ECF9A28896A7500C2E303 /* Assets.xcassets */,
				A17ECF9C28896A7500C2E303 /* LaunchScreen.storyboard */,
				A17ECF9F28896A7500C2E303 /* Info.plist */,
			);
			path = iOSSwiftMarvel;
			sourceTree = "<group>";
		};
		A17ECFA728896A7500C2E303 /* iOSSwiftMarvelTests */ = {
			isa = PBXGroup;
			children = (
				A17ECFA828896A7500C2E303 /* iOSSwiftMarvelTests.swift */,
			);
			path = iOSSwiftMarvelTests;
			sourceTree = "<group>";
		};
		A17ECFB128896A7500C2E303 /* iOSSwiftMarvelUITests */ = {
			isa = PBXGroup;
			children = (
				A17ECFB228896A7500C2E303 /* iOSSwiftMarvelUITests.swift */,
				A17ECFB428896A7500C2E303 /* iOSSwiftMarvelUITestsLaunchTests.swift */,
			);
			path = iOSSwiftMarvelUITests;
			sourceTree = "<group>";
		};
		A17ECFC22889A35000C2E303 /* Module */ = {
			isa = PBXGroup;
			children = (
				A1173995288C4B3A00D121B6 /* DetailView */,
				A17ECFC32889A35800C2E303 /* ListView */,
			);
			path = Module;
			sourceTree = "<group>";
		};
		A17ECFC32889A35800C2E303 /* ListView */ = {
			isa = PBXGroup;
			children = (
				A17ECFC72889A39A00C2E303 /* Model */,
				A17ECFC52889A36800C2E303 /* ViewModel */,
				A17ECFC42889A36200C2E303 /* View */,
			);
			path = ListView;
			sourceTree = "<group>";
		};
		A17ECFC42889A36200C2E303 /* View */ = {
			isa = PBXGroup;
			children = (
				A17ECFC82889A3D900C2E303 /* CharacterListViewController.swift */,
				A117398B288B0BBC00D121B6 /* CharacterListViewCell.xib */,
				A117398D288BFEFA00D121B6 /* CharacterListViewCell.swift */,
			);
			path = View;
			sourceTree = "<group>";
		};
		A17ECFC52889A36800C2E303 /* ViewModel */ = {
			isa = PBXGroup;
			children = (
				A17ECFC62889A37000C2E303 /* DataSource */,
				A17ECFCD2889AD0B00C2E303 /* CharacterListViewModel.swift */,
			);
			path = ViewModel;
			sourceTree = "<group>";
		};
		A17ECFC62889A37000C2E303 /* DataSource */ = {
			isa = PBXGroup;
			children = (
				A17ECFCF2889ADA900C2E303 /* CharacterListDataSource.swift */,
			);
			path = DataSource;
			sourceTree = "<group>";
		};
		A17ECFC72889A39A00C2E303 /* Model */ = {
			isa = PBXGroup;
			children = (
				A17ECFDA2889C5DE00C2E303 /* CharactersListModels.swift */,
			);
			path = Model;
			sourceTree = "<group>";
		};
		A17ECFCA2889A3FB00C2E303 /* Common */ = {
			isa = PBXGroup;
			children = (
				A1173986288B028D00D121B6 /* CodingKeyPath */,
				A17ECFCB2889A41700C2E303 /* CommonViewController.swift */,
				A17ECFD32889B32600C2E303 /* NetworkResponse.swift */,
				A17ECFD82889BF4500C2E303 /* KeychainHelper.swift */,
			);
			path = Common;
			sourceTree = "<group>";
		};
		A17ECFD52889BA8900C2E303 /* Extension */ = {
			isa = PBXGroup;
			children = (
				A17ECFD62889BAB200C2E303 /* URLRequest+Extension.swift */,
				A1173982288AB65D00D121B6 /* String+Extension.swift */,
				A1173984288AE3E100D121B6 /* Dictionary+Extension.swift */,
				A117398F288C033000D121B6 /* UILabel+Extension.swift */,
				A1173991288C08A800D121B6 /* UITableView+Extension.swift */,
				A1173993288C0CCA00D121B6 /* IdentifierProtocol.swift */,
			);
			path = Extension;
			sourceTree = "<group>";
		};
		AE848483F54280BE435AA219 /* Frameworks */ = {
			isa = PBXGroup;
			children = (
				4E7E64AE440154C02F1C9555 /* Pods_iOSSwiftMarvel.framework */,
				192258EE631E6D4E2D930B94 /* Pods_iOSSwiftMarvel_iOSSwiftMarvelUITests.framework */,
				DF727245405C4DB0AA79BC24 /* Pods_iOSSwiftMarvelTests.framework */,
			);
			name = Frameworks;
			sourceTree = "<group>";
		};
/* End PBXGroup section */

/* Begin PBXNativeTarget section */
		A17ECF8D28896A7300C2E303 /* iOSSwiftMarvel */ = {
			isa = PBXNativeTarget;
			buildConfigurationList = A17ECFB828896A7500C2E303 /* Build configuration list for PBXNativeTarget "iOSSwiftMarvel" */;
			buildPhases = (
				A17ECFC1288994C000C2E303 /* Run SwiftLint */,
				DE38D04751C609988FCCDE45 /* [CP] Check Pods Manifest.lock */,
				A17ECF8A28896A7300C2E303 /* Sources */,
				A17ECF8B28896A7300C2E303 /* Frameworks */,
				A17ECF8C28896A7300C2E303 /* Resources */,
				CC6F5988084E5C134CC280CC /* [CP] Embed Pods Frameworks */,
			);
			buildRules = (
			);
			dependencies = (
			);
			name = iOSSwiftMarvel;
			productName = iOSSwiftMarvel;
			productReference = A17ECF8E28896A7300C2E303 /* iOSSwiftMarvel.app */;
			productType = "com.apple.product-type.application";
		};
		A17ECFA328896A7500C2E303 /* iOSSwiftMarvelTests */ = {
			isa = PBXNativeTarget;
			buildConfigurationList = A17ECFBB28896A7500C2E303 /* Build configuration list for PBXNativeTarget "iOSSwiftMarvelTests" */;
			buildPhases = (
				71F1EB7BAD75A20F2A42A95A /* [CP] Check Pods Manifest.lock */,
				A17ECFA028896A7500C2E303 /* Sources */,
				A17ECFA128896A7500C2E303 /* Frameworks */,
				A17ECFA228896A7500C2E303 /* Resources */,
			);
			buildRules = (
			);
			dependencies = (
				A17ECFA628896A7500C2E303 /* PBXTargetDependency */,
			);
			name = iOSSwiftMarvelTests;
			productName = iOSSwiftMarvelTests;
			productReference = A17ECFA428896A7500C2E303 /* iOSSwiftMarvelTests.xctest */;
			productType = "com.apple.product-type.bundle.unit-test";
		};
		A17ECFAD28896A7500C2E303 /* iOSSwiftMarvelUITests */ = {
			isa = PBXNativeTarget;
			buildConfigurationList = A17ECFBE28896A7500C2E303 /* Build configuration list for PBXNativeTarget "iOSSwiftMarvelUITests" */;
			buildPhases = (
				91A8FAD393E10B2C899C121B /* [CP] Check Pods Manifest.lock */,
				A17ECFAA28896A7500C2E303 /* Sources */,
				A17ECFAB28896A7500C2E303 /* Frameworks */,
				A17ECFAC28896A7500C2E303 /* Resources */,
				3C8CE7B30A1DEB25519DF4DB /* [CP] Embed Pods Frameworks */,
			);
			buildRules = (
			);
			dependencies = (
				A17ECFB028896A7500C2E303 /* PBXTargetDependency */,
			);
			name = iOSSwiftMarvelUITests;
			productName = iOSSwiftMarvelUITests;
			productReference = A17ECFAE28896A7500C2E303 /* iOSSwiftMarvelUITests.xctest */;
			productType = "com.apple.product-type.bundle.ui-testing";
		};
/* End PBXNativeTarget section */

/* Begin PBXProject section */
		A17ECF8628896A7300C2E303 /* Project object */ = {
			isa = PBXProject;
			attributes = {
				BuildIndependentTargetsInParallel = 1;
				LastSwiftUpdateCheck = 1330;
				LastUpgradeCheck = 1330;
				TargetAttributes = {
					A17ECF8D28896A7300C2E303 = {
						CreatedOnToolsVersion = 13.3.1;
					};
					A17ECFA328896A7500C2E303 = {
						CreatedOnToolsVersion = 13.3.1;
						TestTargetID = A17ECF8D28896A7300C2E303;
					};
					A17ECFAD28896A7500C2E303 = {
						CreatedOnToolsVersion = 13.3.1;
						TestTargetID = A17ECF8D28896A7300C2E303;
					};
				};
			};
			buildConfigurationList = A17ECF8928896A7300C2E303 /* Build configuration list for PBXProject "iOSSwiftMarvel" */;
			compatibilityVersion = "Xcode 13.0";
			developmentRegion = en;
			hasScannedForEncodings = 0;
			knownRegions = (
				en,
				Base,
				es,
			);
			mainGroup = A17ECF8528896A7300C2E303;
			productRefGroup = A17ECF8F28896A7300C2E303 /* Products */;
			projectDirPath = "";
			projectRoot = "";
			targets = (
				A17ECF8D28896A7300C2E303 /* iOSSwiftMarvel */,
				A17ECFA328896A7500C2E303 /* iOSSwiftMarvelTests */,
				A17ECFAD28896A7500C2E303 /* iOSSwiftMarvelUITests */,
			);
		};
/* End PBXProject section */

/* Begin PBXResourcesBuildPhase section */
		A17ECF8C28896A7300C2E303 /* Resources */ = {
			isa = PBXResourcesBuildPhase;
			buildActionMask = 2147483647;
			files = (
				A117398C288B0BBC00D121B6 /* CharacterListViewCell.xib in Resources */,
				A17ECF9E28896A7500C2E303 /* LaunchScreen.storyboard in Resources */,
				A1173981288AB5FF00D121B6 /* Localizable.strings in Resources */,
				A17ECF9B28896A7500C2E303 /* Assets.xcassets in Resources */,
				A17ECF9928896A7300C2E303 /* Main.storyboard in Resources */,
			);
			runOnlyForDeploymentPostprocessing = 0;
		};
		A17ECFA228896A7500C2E303 /* Resources */ = {
			isa = PBXResourcesBuildPhase;
			buildActionMask = 2147483647;
			files = (
			);
			runOnlyForDeploymentPostprocessing = 0;
		};
		A17ECFAC28896A7500C2E303 /* Resources */ = {
			isa = PBXResourcesBuildPhase;
			buildActionMask = 2147483647;
			files = (
			);
			runOnlyForDeploymentPostprocessing = 0;
		};
/* End PBXResourcesBuildPhase section */

/* Begin PBXShellScriptBuildPhase section */
		3C8CE7B30A1DEB25519DF4DB /* [CP] Embed Pods Frameworks */ = {
			isa = PBXShellScriptBuildPhase;
			buildActionMask = 2147483647;
			files = (
			);
			inputFileListPaths = (
				"${PODS_ROOT}/Target Support Files/Pods-iOSSwiftMarvel-iOSSwiftMarvelUITests/Pods-iOSSwiftMarvel-iOSSwiftMarvelUITests-frameworks-${CONFIGURATION}-input-files.xcfilelist",
			);
			name = "[CP] Embed Pods Frameworks";
			outputFileListPaths = (
				"${PODS_ROOT}/Target Support Files/Pods-iOSSwiftMarvel-iOSSwiftMarvelUITests/Pods-iOSSwiftMarvel-iOSSwiftMarvelUITests-frameworks-${CONFIGURATION}-output-files.xcfilelist",
			);
			runOnlyForDeploymentPostprocessing = 0;
			shellPath = /bin/sh;
			shellScript = "\"${PODS_ROOT}/Target Support Files/Pods-iOSSwiftMarvel-iOSSwiftMarvelUITests/Pods-iOSSwiftMarvel-iOSSwiftMarvelUITests-frameworks.sh\"\n";
			showEnvVarsInLog = 0;
		};
		71F1EB7BAD75A20F2A42A95A /* [CP] Check Pods Manifest.lock */ = {
			isa = PBXShellScriptBuildPhase;
			buildActionMask = 2147483647;
			files = (
			);
			inputFileListPaths = (
			);
			inputPaths = (
				"${PODS_PODFILE_DIR_PATH}/Podfile.lock",
				"${PODS_ROOT}/Manifest.lock",
			);
			name = "[CP] Check Pods Manifest.lock";
			outputFileListPaths = (
			);
			outputPaths = (
				"$(DERIVED_FILE_DIR)/Pods-iOSSwiftMarvelTests-checkManifestLockResult.txt",
			);
			runOnlyForDeploymentPostprocessing = 0;
			shellPath = /bin/sh;
			shellScript = "diff \"${PODS_PODFILE_DIR_PATH}/Podfile.lock\" \"${PODS_ROOT}/Manifest.lock\" > /dev/null\nif [ $? != 0 ] ; then\n    # print error to STDERR\n    echo \"error: The sandbox is not in sync with the Podfile.lock. Run 'pod install' or update your CocoaPods installation.\" >&2\n    exit 1\nfi\n# This output is used by Xcode 'outputs' to avoid re-running this script phase.\necho \"SUCCESS\" > \"${SCRIPT_OUTPUT_FILE_0}\"\n";
			showEnvVarsInLog = 0;
		};
		91A8FAD393E10B2C899C121B /* [CP] Check Pods Manifest.lock */ = {
			isa = PBXShellScriptBuildPhase;
			buildActionMask = 2147483647;
			files = (
			);
			inputFileListPaths = (
			);
			inputPaths = (
				"${PODS_PODFILE_DIR_PATH}/Podfile.lock",
				"${PODS_ROOT}/Manifest.lock",
			);
			name = "[CP] Check Pods Manifest.lock";
			outputFileListPaths = (
			);
			outputPaths = (
				"$(DERIVED_FILE_DIR)/Pods-iOSSwiftMarvel-iOSSwiftMarvelUITests-checkManifestLockResult.txt",
			);
			runOnlyForDeploymentPostprocessing = 0;
			shellPath = /bin/sh;
			shellScript = "diff \"${PODS_PODFILE_DIR_PATH}/Podfile.lock\" \"${PODS_ROOT}/Manifest.lock\" > /dev/null\nif [ $? != 0 ] ; then\n    # print error to STDERR\n    echo \"error: The sandbox is not in sync with the Podfile.lock. Run 'pod install' or update your CocoaPods installation.\" >&2\n    exit 1\nfi\n# This output is used by Xcode 'outputs' to avoid re-running this script phase.\necho \"SUCCESS\" > \"${SCRIPT_OUTPUT_FILE_0}\"\n";
			showEnvVarsInLog = 0;
		};
		A17ECFC1288994C000C2E303 /* Run SwiftLint */ = {
			isa = PBXShellScriptBuildPhase;
			buildActionMask = 2147483647;
			files = (
			);
			inputFileListPaths = (
			);
			inputPaths = (
			);
			name = "Run SwiftLint";
			outputFileListPaths = (
			);
			outputPaths = (
			);
			runOnlyForDeploymentPostprocessing = 0;
			shellPath = /bin/sh;
			shellScript = "${PODS_ROOT}/SwiftLint/swiftlint\n";
		};
		CC6F5988084E5C134CC280CC /* [CP] Embed Pods Frameworks */ = {
			isa = PBXShellScriptBuildPhase;
			buildActionMask = 2147483647;
			files = (
			);
			inputFileListPaths = (
				"${PODS_ROOT}/Target Support Files/Pods-iOSSwiftMarvel/Pods-iOSSwiftMarvel-frameworks-${CONFIGURATION}-input-files.xcfilelist",
			);
			name = "[CP] Embed Pods Frameworks";
			outputFileListPaths = (
				"${PODS_ROOT}/Target Support Files/Pods-iOSSwiftMarvel/Pods-iOSSwiftMarvel-frameworks-${CONFIGURATION}-output-files.xcfilelist",
			);
			runOnlyForDeploymentPostprocessing = 0;
			shellPath = /bin/sh;
			shellScript = "\"${PODS_ROOT}/Target Support Files/Pods-iOSSwiftMarvel/Pods-iOSSwiftMarvel-frameworks.sh\"\n";
			showEnvVarsInLog = 0;
		};
		DE38D04751C609988FCCDE45 /* [CP] Check Pods Manifest.lock */ = {
			isa = PBXShellScriptBuildPhase;
			buildActionMask = 2147483647;
			files = (
			);
			inputFileListPaths = (
			);
			inputPaths = (
				"${PODS_PODFILE_DIR_PATH}/Podfile.lock",
				"${PODS_ROOT}/Manifest.lock",
			);
			name = "[CP] Check Pods Manifest.lock";
			outputFileListPaths = (
			);
			outputPaths = (
				"$(DERIVED_FILE_DIR)/Pods-iOSSwiftMarvel-checkManifestLockResult.txt",
			);
			runOnlyForDeploymentPostprocessing = 0;
			shellPath = /bin/sh;
			shellScript = "diff \"${PODS_PODFILE_DIR_PATH}/Podfile.lock\" \"${PODS_ROOT}/Manifest.lock\" > /dev/null\nif [ $? != 0 ] ; then\n    # print error to STDERR\n    echo \"error: The sandbox is not in sync with the Podfile.lock. Run 'pod install' or update your CocoaPods installation.\" >&2\n    exit 1\nfi\n# This output is used by Xcode 'outputs' to avoid re-running this script phase.\necho \"SUCCESS\" > \"${SCRIPT_OUTPUT_FILE_0}\"\n";
			showEnvVarsInLog = 0;
		};
/* End PBXShellScriptBuildPhase section */

/* Begin PBXSourcesBuildPhase section */
		A17ECF8A28896A7300C2E303 /* Sources */ = {
			isa = PBXSourcesBuildPhase;
			buildActionMask = 2147483647;
			files = (
				A1173990288C033000D121B6 /* UILabel+Extension.swift in Sources */,
				A1173988288B029700D121B6 /* CodingKeyPath.swift in Sources */,
				A17ECFC92889A3D900C2E303 /* CharacterListViewController.swift in Sources */,
				A17ECFCC2889A41700C2E303 /* CommonViewController.swift in Sources */,
				A17ECF9228896A7300C2E303 /* AppDelegate.swift in Sources */,
				A1173994288C0CCA00D121B6 /* IdentifierProtocol.swift in Sources */,
				A1173992288C08A800D121B6 /* UITableView+Extension.swift in Sources */,
				A17ECFCE2889AD0B00C2E303 /* CharacterListViewModel.swift in Sources */,
				A1173985288AE3E100D121B6 /* Dictionary+Extension.swift in Sources */,
				A1173998288C4B5F00D121B6 /* CharactersDetailViewController.swift in Sources */,
				A1173983288AB65D00D121B6 /* String+Extension.swift in Sources */,
				A17ECFD92889BF4500C2E303 /* KeychainHelper.swift in Sources */,
				A17ECFD72889BAB200C2E303 /* URLRequest+Extension.swift in Sources */,
				A17ECFD42889B32600C2E303 /* NetworkResponse.swift in Sources */,
				A117398E288BFEFA00D121B6 /* CharacterListViewCell.swift in Sources */,
				A17ECFDB2889C5DE00C2E303 /* CharactersListModels.swift in Sources */,
				A17ECF9428896A7300C2E303 /* SceneDelegate.swift in Sources */,
				A17ECFD02889ADA900C2E303 /* CharacterListDataSource.swift in Sources */,
				A117398A288B02AB00D121B6 /* CodingKeyPath+PrivateImpl.swift in Sources */,
			);
			runOnlyForDeploymentPostprocessing = 0;
		};
		A17ECFA028896A7500C2E303 /* Sources */ = {
			isa = PBXSourcesBuildPhase;
			buildActionMask = 2147483647;
			files = (
				A17ECFA928896A7500C2E303 /* iOSSwiftMarvelTests.swift in Sources */,
			);
			runOnlyForDeploymentPostprocessing = 0;
		};
		A17ECFAA28896A7500C2E303 /* Sources */ = {
			isa = PBXSourcesBuildPhase;
			buildActionMask = 2147483647;
			files = (
				A17ECFB328896A7500C2E303 /* iOSSwiftMarvelUITests.swift in Sources */,
				A17ECFB528896A7500C2E303 /* iOSSwiftMarvelUITestsLaunchTests.swift in Sources */,
			);
			runOnlyForDeploymentPostprocessing = 0;
		};
/* End PBXSourcesBuildPhase section */

/* Begin PBXTargetDependency section */
		A17ECFA628896A7500C2E303 /* PBXTargetDependency */ = {
			isa = PBXTargetDependency;
			target = A17ECF8D28896A7300C2E303 /* iOSSwiftMarvel */;
			targetProxy = A17ECFA528896A7500C2E303 /* PBXContainerItemProxy */;
		};
		A17ECFB028896A7500C2E303 /* PBXTargetDependency */ = {
			isa = PBXTargetDependency;
			target = A17ECF8D28896A7300C2E303 /* iOSSwiftMarvel */;
			targetProxy = A17ECFAF28896A7500C2E303 /* PBXContainerItemProxy */;
		};
/* End PBXTargetDependency section */

/* Begin PBXVariantGroup section */
		A117397D288AB5FF00D121B6 /* Localizable.strings */ = {
			isa = PBXVariantGroup;
			children = (
				A117397E288AB5FF00D121B6 /* en */,
				A117397F288AB5FF00D121B6 /* es */,
				A1173980288AB5FF00D121B6 /* Base */,
			);
			name = Localizable.strings;
			sourceTree = "<group>";
		};
		A17ECF9728896A7300C2E303 /* Main.storyboard */ = {
			isa = PBXVariantGroup;
			children = (
				A17ECF9828896A7300C2E303 /* Base */,
			);
			name = Main.storyboard;
			sourceTree = "<group>";
		};
		A17ECF9C28896A7500C2E303 /* LaunchScreen.storyboard */ = {
			isa = PBXVariantGroup;
			children = (
				A17ECF9D28896A7500C2E303 /* Base */,
			);
			name = LaunchScreen.storyboard;
			sourceTree = "<group>";
		};
/* End PBXVariantGroup section */

/* Begin XCBuildConfiguration section */
		A17ECFB628896A7500C2E303 /* Debug */ = {
			isa = XCBuildConfiguration;
			buildSettings = {
				ALWAYS_SEARCH_USER_PATHS = NO;
				CLANG_ANALYZER_LOCALIZABILITY_NONLOCALIZED = YES;
				CLANG_ANALYZER_NONNULL = YES;
				CLANG_ANALYZER_NUMBER_OBJECT_CONVERSION = YES_AGGRESSIVE;
				CLANG_CXX_LANGUAGE_STANDARD = "gnu++17";
				CLANG_ENABLE_MODULES = YES;
				CLANG_ENABLE_OBJC_ARC = YES;
				CLANG_ENABLE_OBJC_WEAK = YES;
				CLANG_WARN_BLOCK_CAPTURE_AUTORELEASING = YES;
				CLANG_WARN_BOOL_CONVERSION = YES;
				CLANG_WARN_COMMA = YES;
				CLANG_WARN_CONSTANT_CONVERSION = YES;
				CLANG_WARN_DEPRECATED_OBJC_IMPLEMENTATIONS = YES;
				CLANG_WARN_DIRECT_OBJC_ISA_USAGE = YES_ERROR;
				CLANG_WARN_DOCUMENTATION_COMMENTS = YES;
				CLANG_WARN_EMPTY_BODY = YES;
				CLANG_WARN_ENUM_CONVERSION = YES;
				CLANG_WARN_INFINITE_RECURSION = YES;
				CLANG_WARN_INT_CONVERSION = YES;
				CLANG_WARN_NON_LITERAL_NULL_CONVERSION = YES;
				CLANG_WARN_OBJC_IMPLICIT_RETAIN_SELF = YES;
				CLANG_WARN_OBJC_LITERAL_CONVERSION = YES;
				CLANG_WARN_OBJC_ROOT_CLASS = YES_ERROR;
				CLANG_WARN_QUOTED_INCLUDE_IN_FRAMEWORK_HEADER = YES;
				CLANG_WARN_RANGE_LOOP_ANALYSIS = YES;
				CLANG_WARN_STRICT_PROTOTYPES = YES;
				CLANG_WARN_SUSPICIOUS_MOVE = YES;
				CLANG_WARN_UNGUARDED_AVAILABILITY = YES_AGGRESSIVE;
				CLANG_WARN_UNREACHABLE_CODE = YES;
				CLANG_WARN__DUPLICATE_METHOD_MATCH = YES;
				COPY_PHASE_STRIP = NO;
				DEBUG_INFORMATION_FORMAT = dwarf;
				ENABLE_STRICT_OBJC_MSGSEND = YES;
				ENABLE_TESTABILITY = YES;
				GCC_C_LANGUAGE_STANDARD = gnu11;
				GCC_DYNAMIC_NO_PIC = NO;
				GCC_NO_COMMON_BLOCKS = YES;
				GCC_OPTIMIZATION_LEVEL = 0;
				GCC_PREPROCESSOR_DEFINITIONS = (
					"DEBUG=1",
					"$(inherited)",
				);
				GCC_WARN_64_TO_32_BIT_CONVERSION = YES;
				GCC_WARN_ABOUT_RETURN_TYPE = YES_ERROR;
				GCC_WARN_UNDECLARED_SELECTOR = YES;
				GCC_WARN_UNINITIALIZED_AUTOS = YES_AGGRESSIVE;
				GCC_WARN_UNUSED_FUNCTION = YES;
				GCC_WARN_UNUSED_VARIABLE = YES;
				IPHONEOS_DEPLOYMENT_TARGET = 15.4;
				MTL_ENABLE_DEBUG_INFO = INCLUDE_SOURCE;
				MTL_FAST_MATH = YES;
				ONLY_ACTIVE_ARCH = YES;
				SDKROOT = iphoneos;
				SWIFT_ACTIVE_COMPILATION_CONDITIONS = DEBUG;
				SWIFT_OPTIMIZATION_LEVEL = "-Onone";
			};
			name = Debug;
		};
		A17ECFB728896A7500C2E303 /* Release */ = {
			isa = XCBuildConfiguration;
			buildSettings = {
				ALWAYS_SEARCH_USER_PATHS = NO;
				CLANG_ANALYZER_LOCALIZABILITY_NONLOCALIZED = YES;
				CLANG_ANALYZER_NONNULL = YES;
				CLANG_ANALYZER_NUMBER_OBJECT_CONVERSION = YES_AGGRESSIVE;
				CLANG_CXX_LANGUAGE_STANDARD = "gnu++17";
				CLANG_ENABLE_MODULES = YES;
				CLANG_ENABLE_OBJC_ARC = YES;
				CLANG_ENABLE_OBJC_WEAK = YES;
				CLANG_WARN_BLOCK_CAPTURE_AUTORELEASING = YES;
				CLANG_WARN_BOOL_CONVERSION = YES;
				CLANG_WARN_COMMA = YES;
				CLANG_WARN_CONSTANT_CONVERSION = YES;
				CLANG_WARN_DEPRECATED_OBJC_IMPLEMENTATIONS = YES;
				CLANG_WARN_DIRECT_OBJC_ISA_USAGE = YES_ERROR;
				CLANG_WARN_DOCUMENTATION_COMMENTS = YES;
				CLANG_WARN_EMPTY_BODY = YES;
				CLANG_WARN_ENUM_CONVERSION = YES;
				CLANG_WARN_INFINITE_RECURSION = YES;
				CLANG_WARN_INT_CONVERSION = YES;
				CLANG_WARN_NON_LITERAL_NULL_CONVERSION = YES;
				CLANG_WARN_OBJC_IMPLICIT_RETAIN_SELF = YES;
				CLANG_WARN_OBJC_LITERAL_CONVERSION = YES;
				CLANG_WARN_OBJC_ROOT_CLASS = YES_ERROR;
				CLANG_WARN_QUOTED_INCLUDE_IN_FRAMEWORK_HEADER = YES;
				CLANG_WARN_RANGE_LOOP_ANALYSIS = YES;
				CLANG_WARN_STRICT_PROTOTYPES = YES;
				CLANG_WARN_SUSPICIOUS_MOVE = YES;
				CLANG_WARN_UNGUARDED_AVAILABILITY = YES_AGGRESSIVE;
				CLANG_WARN_UNREACHABLE_CODE = YES;
				CLANG_WARN__DUPLICATE_METHOD_MATCH = YES;
				COPY_PHASE_STRIP = NO;
				DEBUG_INFORMATION_FORMAT = "dwarf-with-dsym";
				ENABLE_NS_ASSERTIONS = NO;
				ENABLE_STRICT_OBJC_MSGSEND = YES;
				GCC_C_LANGUAGE_STANDARD = gnu11;
				GCC_NO_COMMON_BLOCKS = YES;
				GCC_WARN_64_TO_32_BIT_CONVERSION = YES;
				GCC_WARN_ABOUT_RETURN_TYPE = YES_ERROR;
				GCC_WARN_UNDECLARED_SELECTOR = YES;
				GCC_WARN_UNINITIALIZED_AUTOS = YES_AGGRESSIVE;
				GCC_WARN_UNUSED_FUNCTION = YES;
				GCC_WARN_UNUSED_VARIABLE = YES;
				IPHONEOS_DEPLOYMENT_TARGET = 15.4;
				MTL_ENABLE_DEBUG_INFO = NO;
				MTL_FAST_MATH = YES;
				SDKROOT = iphoneos;
				SWIFT_COMPILATION_MODE = wholemodule;
				SWIFT_OPTIMIZATION_LEVEL = "-O";
				VALIDATE_PRODUCT = YES;
			};
			name = Release;
		};
		A17ECFB928896A7500C2E303 /* Debug */ = {
			isa = XCBuildConfiguration;
			baseConfigurationReference = 5C3C9C6F1B96DFEBA6671251 /* Pods-iOSSwiftMarvel.debug.xcconfig */;
			buildSettings = {
				ASSETCATALOG_COMPILER_APPICON_NAME = AppIcon;
				ASSETCATALOG_COMPILER_GLOBAL_ACCENT_COLOR_NAME = AccentColor;
				CODE_SIGN_STYLE = Automatic;
				CURRENT_PROJECT_VERSION = 1;
				GENERATE_INFOPLIST_FILE = YES;
				INFOPLIST_FILE = iOSSwiftMarvel/Info.plist;
				INFOPLIST_KEY_UIApplicationSupportsIndirectInputEvents = YES;
				INFOPLIST_KEY_UILaunchStoryboardName = LaunchScreen;
				INFOPLIST_KEY_UIMainStoryboardFile = Main;
				INFOPLIST_KEY_UISupportedInterfaceOrientations_iPad = "UIInterfaceOrientationPortrait UIInterfaceOrientationPortraitUpsideDown UIInterfaceOrientationLandscapeLeft UIInterfaceOrientationLandscapeRight";
				INFOPLIST_KEY_UISupportedInterfaceOrientations_iPhone = "UIInterfaceOrientationPortrait UIInterfaceOrientationLandscapeLeft UIInterfaceOrientationLandscapeRight";
				LD_RUNPATH_SEARCH_PATHS = (
					"$(inherited)",
					"@executable_path/Frameworks",
				);
				MARKETING_VERSION = 1.0;
				PRODUCT_BUNDLE_IDENTIFIER = com.jonashioapps.iOSSwiftMarvel;
				PRODUCT_NAME = "$(TARGET_NAME)";
				SWIFT_EMIT_LOC_STRINGS = YES;
				SWIFT_VERSION = 5.0;
				TARGETED_DEVICE_FAMILY = "1,2";
			};
			name = Debug;
		};
		A17ECFBA28896A7500C2E303 /* Release */ = {
			isa = XCBuildConfiguration;
			baseConfigurationReference = CF03213D1C5B39FD706428F0 /* Pods-iOSSwiftMarvel.release.xcconfig */;
			buildSettings = {
				ASSETCATALOG_COMPILER_APPICON_NAME = AppIcon;
				ASSETCATALOG_COMPILER_GLOBAL_ACCENT_COLOR_NAME = AccentColor;
				CODE_SIGN_STYLE = Automatic;
				CURRENT_PROJECT_VERSION = 1;
				GENERATE_INFOPLIST_FILE = YES;
				INFOPLIST_FILE = iOSSwiftMarvel/Info.plist;
				INFOPLIST_KEY_UIApplicationSupportsIndirectInputEvents = YES;
				INFOPLIST_KEY_UILaunchStoryboardName = LaunchScreen;
				INFOPLIST_KEY_UIMainStoryboardFile = Main;
				INFOPLIST_KEY_UISupportedInterfaceOrientations_iPad = "UIInterfaceOrientationPortrait UIInterfaceOrientationPortraitUpsideDown UIInterfaceOrientationLandscapeLeft UIInterfaceOrientationLandscapeRight";
				INFOPLIST_KEY_UISupportedInterfaceOrientations_iPhone = "UIInterfaceOrientationPortrait UIInterfaceOrientationLandscapeLeft UIInterfaceOrientationLandscapeRight";
				LD_RUNPATH_SEARCH_PATHS = (
					"$(inherited)",
					"@executable_path/Frameworks",
				);
				MARKETING_VERSION = 1.0;
				PRODUCT_BUNDLE_IDENTIFIER = com.jonashioapps.iOSSwiftMarvel;
				PRODUCT_NAME = "$(TARGET_NAME)";
				SWIFT_EMIT_LOC_STRINGS = YES;
				SWIFT_VERSION = 5.0;
				TARGETED_DEVICE_FAMILY = "1,2";
			};
			name = Release;
		};
		A17ECFBC28896A7500C2E303 /* Debug */ = {
			isa = XCBuildConfiguration;
			baseConfigurationReference = A0FC2E1FF2D55616D440D067 /* Pods-iOSSwiftMarvelTests.debug.xcconfig */;
			buildSettings = {
				ALWAYS_EMBED_SWIFT_STANDARD_LIBRARIES = YES;
				BUNDLE_LOADER = "$(TEST_HOST)";
				CODE_SIGN_STYLE = Automatic;
				CURRENT_PROJECT_VERSION = 1;
				GENERATE_INFOPLIST_FILE = YES;
				IPHONEOS_DEPLOYMENT_TARGET = 15.4;
				MARKETING_VERSION = 1.0;
				PRODUCT_BUNDLE_IDENTIFIER = com.jonashioapps.iOSSwiftMarvelTests;
				PRODUCT_NAME = "$(TARGET_NAME)";
				SWIFT_EMIT_LOC_STRINGS = NO;
				SWIFT_VERSION = 5.0;
				TARGETED_DEVICE_FAMILY = "1,2";
				TEST_HOST = "$(BUILT_PRODUCTS_DIR)/iOSSwiftMarvel.app/iOSSwiftMarvel";
			};
			name = Debug;
		};
		A17ECFBD28896A7500C2E303 /* Release */ = {
			isa = XCBuildConfiguration;
			baseConfigurationReference = 32C672EF0817BCE53DB6A6A3 /* Pods-iOSSwiftMarvelTests.release.xcconfig */;
			buildSettings = {
				ALWAYS_EMBED_SWIFT_STANDARD_LIBRARIES = YES;
				BUNDLE_LOADER = "$(TEST_HOST)";
				CODE_SIGN_STYLE = Automatic;
				CURRENT_PROJECT_VERSION = 1;
				GENERATE_INFOPLIST_FILE = YES;
				IPHONEOS_DEPLOYMENT_TARGET = 15.4;
				MARKETING_VERSION = 1.0;
				PRODUCT_BUNDLE_IDENTIFIER = com.jonashioapps.iOSSwiftMarvelTests;
				PRODUCT_NAME = "$(TARGET_NAME)";
				SWIFT_EMIT_LOC_STRINGS = NO;
				SWIFT_VERSION = 5.0;
				TARGETED_DEVICE_FAMILY = "1,2";
				TEST_HOST = "$(BUILT_PRODUCTS_DIR)/iOSSwiftMarvel.app/iOSSwiftMarvel";
			};
			name = Release;
		};
		A17ECFBF28896A7500C2E303 /* Debug */ = {
			isa = XCBuildConfiguration;
			baseConfigurationReference = 808370714A978818D0B6F91B /* Pods-iOSSwiftMarvel-iOSSwiftMarvelUITests.debug.xcconfig */;
			buildSettings = {
				ALWAYS_EMBED_SWIFT_STANDARD_LIBRARIES = YES;
				CODE_SIGN_STYLE = Automatic;
				CURRENT_PROJECT_VERSION = 1;
				GENERATE_INFOPLIST_FILE = YES;
				MARKETING_VERSION = 1.0;
				PRODUCT_BUNDLE_IDENTIFIER = com.jonashioapps.iOSSwiftMarvelUITests;
				PRODUCT_NAME = "$(TARGET_NAME)";
				SWIFT_EMIT_LOC_STRINGS = NO;
				SWIFT_VERSION = 5.0;
				TARGETED_DEVICE_FAMILY = "1,2";
				TEST_TARGET_NAME = iOSSwiftMarvel;
			};
			name = Debug;
		};
		A17ECFC028896A7500C2E303 /* Release */ = {
			isa = XCBuildConfiguration;
			baseConfigurationReference = 3A6FFB831FBCC25BFC1D4215 /* Pods-iOSSwiftMarvel-iOSSwiftMarvelUITests.release.xcconfig */;
			buildSettings = {
				ALWAYS_EMBED_SWIFT_STANDARD_LIBRARIES = YES;
				CODE_SIGN_STYLE = Automatic;
				CURRENT_PROJECT_VERSION = 1;
				GENERATE_INFOPLIST_FILE = YES;
				MARKETING_VERSION = 1.0;
				PRODUCT_BUNDLE_IDENTIFIER = com.jonashioapps.iOSSwiftMarvelUITests;
				PRODUCT_NAME = "$(TARGET_NAME)";
				SWIFT_EMIT_LOC_STRINGS = NO;
				SWIFT_VERSION = 5.0;
				TARGETED_DEVICE_FAMILY = "1,2";
				TEST_TARGET_NAME = iOSSwiftMarvel;
			};
			name = Release;
		};
/* End XCBuildConfiguration section */

/* Begin XCConfigurationList section */
		A17ECF8928896A7300C2E303 /* Build configuration list for PBXProject "iOSSwiftMarvel" */ = {
			isa = XCConfigurationList;
			buildConfigurations = (
				A17ECFB628896A7500C2E303 /* Debug */,
				A17ECFB728896A7500C2E303 /* Release */,
			);
			defaultConfigurationIsVisible = 0;
			defaultConfigurationName = Release;
		};
		A17ECFB828896A7500C2E303 /* Build configuration list for PBXNativeTarget "iOSSwiftMarvel" */ = {
			isa = XCConfigurationList;
			buildConfigurations = (
				A17ECFB928896A7500C2E303 /* Debug */,
				A17ECFBA28896A7500C2E303 /* Release */,
			);
			defaultConfigurationIsVisible = 0;
			defaultConfigurationName = Release;
		};
		A17ECFBB28896A7500C2E303 /* Build configuration list for PBXNativeTarget "iOSSwiftMarvelTests" */ = {
			isa = XCConfigurationList;
			buildConfigurations = (
				A17ECFBC28896A7500C2E303 /* Debug */,
				A17ECFBD28896A7500C2E303 /* Release */,
			);
			defaultConfigurationIsVisible = 0;
			defaultConfigurationName = Release;
		};
		A17ECFBE28896A7500C2E303 /* Build configuration list for PBXNativeTarget "iOSSwiftMarvelUITests" */ = {
			isa = XCConfigurationList;
			buildConfigurations = (
				A17ECFBF28896A7500C2E303 /* Debug */,
				A17ECFC028896A7500C2E303 /* Release */,
			);
			defaultConfigurationIsVisible = 0;
			defaultConfigurationName = Release;
		};
/* End XCConfigurationList section */
	};
	rootObject = A17ECF8628896A7300C2E303 /* Project object */;
}
